
Microsoft Visual Studio Solution File, Format Version 12.00
# Visual Studio Version 17
VisualStudioVersion = 17.7.34202.233
MinimumVisualStudioVersion = 10.0.40219.1
Project("{FAE04EC0-301F-11D3-BF4B-00C04F79EFBC}") = "BURC", "BURC\BURC.csproj", "{1149AA9F-8FD8-497E-B062-3D86E6814180}"
EndProject
Global
	GlobalSection(SolutionConfigurationPlatforms) = preSolution
		Debug|Any CPU = Debug|Any CPU
		Release|Any CPU = Release|Any CPU
	EndGlobalSection
	GlobalSection(ProjectConfigurationPlatforms) = postSolution
		{1149AA9F-8FD8-497E-B062-3D86E6814180}.Debug|Any CPU.ActiveCfg = Debug|Any CPU
		{1149AA9F-8FD8-497E-B062-3D86E6814180}.Debug|Any CPU.Build.0 = Debug|Any CPU
		{1149AA9F-8FD8-497E-B062-3D86E6814180}.Release|Any CPU.ActiveCfg = Release|Any CPU
		{1149AA9F-8FD8-497E-B062-3D86E6814180}.Release|Any CPU.Build.0 = Release|Any CPU
	EndGlobalSection
	GlobalSection(SolutionProperties) = preSolution
		HideSolutionNode = FALSE
	EndGlobalSection
	GlobalSection(ExtensibilityGlobals) = postSolution
		SolutionGuid = {9BE9B4C0-C186-48C1-8A3D-D4916A29F53D}
	EndGlobalSection
EndGlobal
